// !$*UTF8*$!
{
	archiveVersion = 1;
	classes = {
	};
	objectVersion = 50;
	objects = {

/* Begin PBXBuildFile section */
		90B6DA1A22BE73ED0000F27A /* AppDelegate.swift in Sources */ = {isa = PBXBuildFile; fileRef = 90B6DA1922BE73ED0000F27A /* AppDelegate.swift */; };
		90B6DA1C22BE73ED0000F27A /* HomePageViewController.swift in Sources */ = {isa = PBXBuildFile; fileRef = 90B6DA1B22BE73ED0000F27A /* HomePageViewController.swift */; };
		90B6DA1F22BE73ED0000F27A /* Main.storyboard in Resources */ = {isa = PBXBuildFile; fileRef = 90B6DA1D22BE73ED0000F27A /* Main.storyboard */; };
		90B6DA2122BE73F00000F27A /* Assets.xcassets in Resources */ = {isa = PBXBuildFile; fileRef = 90B6DA2022BE73F00000F27A /* Assets.xcassets */; };
		90B6DA2422BE73F00000F27A /* LaunchScreen.storyboard in Resources */ = {isa = PBXBuildFile; fileRef = 90B6DA2222BE73F00000F27A /* LaunchScreen.storyboard */; };
		90E552D522BFA6830057BFF3 /* InstagramData.swift in Sources */ = {isa = PBXBuildFile; fileRef = 90E552D422BFA6830057BFF3 /* InstagramData.swift */; };
		90E552DA22BFBB160057BFF3 /* TimelineTableViewCell.swift in Sources */ = {isa = PBXBuildFile; fileRef = 90E552D922BFBB160057BFF3 /* TimelineTableViewCell.swift */; };
		90E552E822C0CD410057BFF3 /* TimelineCollectionViewCell.swift in Sources */ = {isa = PBXBuildFile; fileRef = 90E552E622C0CD410057BFF3 /* TimelineCollectionViewCell.swift */; };
		90E552E922C0CD410057BFF3 /* TimelineCollectionViewCell.xib in Resources */ = {isa = PBXBuildFile; fileRef = 90E552E722C0CD410057BFF3 /* TimelineCollectionViewCell.xib */; };
		90E552EC22C10CA50057BFF3 /* LayoutLargePhotoCollectionViewCell.swift in Sources */ = {isa = PBXBuildFile; fileRef = 90E552EA22C10CA50057BFF3 /* LayoutLargePhotoCollectionViewCell.swift */; };
		90E552ED22C10CA50057BFF3 /* LayoutLargePhotoCollectionViewCell.xib in Resources */ = {isa = PBXBuildFile; fileRef = 90E552EB22C10CA50057BFF3 /* LayoutLargePhotoCollectionViewCell.xib */; };
		90E552F022C10CC10057BFF3 /* LayoutSmallPhotoCollectionViewCell.swift in Sources */ = {isa = PBXBuildFile; fileRef = 90E552EE22C10CC10057BFF3 /* LayoutSmallPhotoCollectionViewCell.swift */; };
		90E552F122C10CC10057BFF3 /* LayoutSmallPhotoCollectionViewCell.xib in Resources */ = {isa = PBXBuildFile; fileRef = 90E552EF22C10CC10057BFF3 /* LayoutSmallPhotoCollectionViewCell.xib */; };
		90E552F322C111B40057BFF3 /* PersonalPageTableViewController.swift in Sources */ = {isa = PBXBuildFile; fileRef = 90E552F222C111B40057BFF3 /* PersonalPageTableViewController.swift */; };
		90E552F522C246BC0057BFF3 /* StoryViewController.swift in Sources */ = {isa = PBXBuildFile; fileRef = 90E552F422C246BC0057BFF3 /* StoryViewController.swift */; };
		90E552F722C253660057BFF3 /* LayoutPageViewController.swift in Sources */ = {isa = PBXBuildFile; fileRef = 90E552F622C253660057BFF3 /* LayoutPageViewController.swift */; };
		90E552F922C26A290057BFF3 /* LargeStyleCollectionViewCell.swift in Sources */ = {isa = PBXBuildFile; fileRef = 90E552F822C26A290057BFF3 /* LargeStyleCollectionViewCell.swift */; };
		90E552FB22C277630057BFF3 /* DetailPageViewController.swift in Sources */ = {isa = PBXBuildFile; fileRef = 90E552FA22C277630057BFF3 /* DetailPageViewController.swift */; };
		90E552FD22C2798F0057BFF3 /* DetailPageTableViewCell.swift in Sources */ = {isa = PBXBuildFile; fileRef = 90E552FC22C2798F0057BFF3 /* DetailPageTableViewCell.swift */; };
/* End PBXBuildFile section */

/* Begin PBXFileReference section */
		90B6DA1622BE73ED0000F27A /* GoodIdeasStudio-InstagramClone.app */ = {isa = PBXFileReference; explicitFileType = wrapper.application; includeInIndex = 0; path = "GoodIdeasStudio-InstagramClone.app"; sourceTree = BUILT_PRODUCTS_DIR; };
		90B6DA1922BE73ED0000F27A /* AppDelegate.swift */ = {isa = PBXFileReference; lastKnownFileType = sourcecode.swift; path = AppDelegate.swift; sourceTree = "<group>"; };
		90B6DA1B22BE73ED0000F27A /* HomePageViewController.swift */ = {isa = PBXFileReference; lastKnownFileType = sourcecode.swift; name = HomePageViewController.swift; path = ../HomePageViewController.swift; sourceTree = "<group>"; };
		90B6DA1E22BE73ED0000F27A /* Base */ = {isa = PBXFileReference; lastKnownFileType = file.storyboard; name = Base; path = Base.lproj/Main.storyboard; sourceTree = "<group>"; };
		90B6DA2022BE73F00000F27A /* Assets.xcassets */ = {isa = PBXFileReference; lastKnownFileType = folder.assetcatalog; path = Assets.xcassets; sourceTree = "<group>"; };
		90B6DA2322BE73F00000F27A /* Base */ = {isa = PBXFileReference; lastKnownFileType = file.storyboard; name = Base; path = Base.lproj/LaunchScreen.storyboard; sourceTree = "<group>"; };
		90B6DA2522BE73F00000F27A /* Info.plist */ = {isa = PBXFileReference; lastKnownFileType = text.plist.xml; path = Info.plist; sourceTree = "<group>"; };
		90E552D422BFA6830057BFF3 /* InstagramData.swift */ = {isa = PBXFileReference; lastKnownFileType = sourcecode.swift; path = InstagramData.swift; sourceTree = "<group>"; };
		90E552D922BFBB160057BFF3 /* TimelineTableViewCell.swift */ = {isa = PBXFileReference; lastKnownFileType = sourcecode.swift; path = TimelineTableViewCell.swift; sourceTree = "<group>"; };
		90E552E622C0CD410057BFF3 /* TimelineCollectionViewCell.swift */ = {isa = PBXFileReference; lastKnownFileType = sourcecode.swift; path = TimelineCollectionViewCell.swift; sourceTree = "<group>"; };
		90E552E722C0CD410057BFF3 /* TimelineCollectionViewCell.xib */ = {isa = PBXFileReference; lastKnownFileType = file.xib; path = TimelineCollectionViewCell.xib; sourceTree = "<group>"; };
		90E552EA22C10CA50057BFF3 /* LayoutLargePhotoCollectionViewCell.swift */ = {isa = PBXFileReference; lastKnownFileType = sourcecode.swift; path = LayoutLargePhotoCollectionViewCell.swift; sourceTree = "<group>"; };
		90E552EB22C10CA50057BFF3 /* LayoutLargePhotoCollectionViewCell.xib */ = {isa = PBXFileReference; lastKnownFileType = file.xib; path = LayoutLargePhotoCollectionViewCell.xib; sourceTree = "<group>"; };
		90E552EE22C10CC10057BFF3 /* LayoutSmallPhotoCollectionViewCell.swift */ = {isa = PBXFileReference; lastKnownFileType = sourcecode.swift; path = LayoutSmallPhotoCollectionViewCell.swift; sourceTree = "<group>"; };
		90E552EF22C10CC10057BFF3 /* LayoutSmallPhotoCollectionViewCell.xib */ = {isa = PBXFileReference; lastKnownFileType = file.xib; path = LayoutSmallPhotoCollectionViewCell.xib; sourceTree = "<group>"; };
		90E552F222C111B40057BFF3 /* PersonalPageTableViewController.swift */ = {isa = PBXFileReference; lastKnownFileType = sourcecode.swift; path = PersonalPageTableViewController.swift; sourceTree = "<group>"; };
		90E552F422C246BC0057BFF3 /* StoryViewController.swift */ = {isa = PBXFileReference; lastKnownFileType = sourcecode.swift; path = StoryViewController.swift; sourceTree = "<group>"; };
		90E552F622C253660057BFF3 /* LayoutPageViewController.swift */ = {isa = PBXFileReference; lastKnownFileType = sourcecode.swift; path = LayoutPageViewController.swift; sourceTree = "<group>"; };
		90E552F822C26A290057BFF3 /* LargeStyleCollectionViewCell.swift */ = {isa = PBXFileReference; lastKnownFileType = sourcecode.swift; path = LargeStyleCollectionViewCell.swift; sourceTree = "<group>"; };
		90E552FA22C277630057BFF3 /* DetailPageViewController.swift */ = {isa = PBXFileReference; lastKnownFileType = sourcecode.swift; path = DetailPageViewController.swift; sourceTree = "<group>"; };
		90E552FC22C2798F0057BFF3 /* DetailPageTableViewCell.swift */ = {isa = PBXFileReference; lastKnownFileType = sourcecode.swift; path = DetailPageTableViewCell.swift; sourceTree = "<group>"; };
/* End PBXFileReference section */

/* Begin PBXFrameworksBuildPhase section */
		90B6DA1322BE73ED0000F27A /* Frameworks */ = {
			isa = PBXFrameworksBuildPhase;
			buildActionMask = 2147483647;
			files = (
			);
			runOnlyForDeploymentPostprocessing = 0;
		};
/* End PBXFrameworksBuildPhase section */

/* Begin PBXGroup section */
		90B6DA0D22BE73ED0000F27A = {
			isa = PBXGroup;
			children = (
				90B6DA1822BE73ED0000F27A /* GoodIdeasStudio-InstagramClone */,
				90B6DA1722BE73ED0000F27A /* Products */,
			);
			sourceTree = "<group>";
		};
		90B6DA1722BE73ED0000F27A /* Products */ = {
			isa = PBXGroup;
			children = (
				90B6DA1622BE73ED0000F27A /* GoodIdeasStudio-InstagramClone.app */,
			);
			name = Products;
			sourceTree = "<group>";
		};
		90B6DA1822BE73ED0000F27A /* GoodIdeasStudio-InstagramClone */ = {
			isa = PBXGroup;
			children = (
				90B6DA1922BE73ED0000F27A /* AppDelegate.swift */,
				90B6DA1D22BE73ED0000F27A /* Main.storyboard */,
				90B6DA2022BE73F00000F27A /* Assets.xcassets */,
				90B6DA2222BE73F00000F27A /* LaunchScreen.storyboard */,
				90B6DA2522BE73F00000F27A /* Info.plist */,
				90E552D822BFA69F0057BFF3 /* Controller */,
				90E552D722BFA6990057BFF3 /* View */,
				90E552D622BFA6890057BFF3 /* Model */,
			);
			path = "GoodIdeasStudio-InstagramClone";
			sourceTree = "<group>";
		};
		90E552D622BFA6890057BFF3 /* Model */ = {
			isa = PBXGroup;
			children = (
				90E552D422BFA6830057BFF3 /* InstagramData.swift */,
			);
			path = Model;
			sourceTree = "<group>";
		};
		90E552D722BFA6990057BFF3 /* View */ = {
			isa = PBXGroup;
			children = (
				90E552D922BFBB160057BFF3 /* TimelineTableViewCell.swift */,
				90E552E622C0CD410057BFF3 /* TimelineCollectionViewCell.swift */,
				90E552E722C0CD410057BFF3 /* TimelineCollectionViewCell.xib */,
				90E552EA22C10CA50057BFF3 /* LayoutLargePhotoCollectionViewCell.swift */,
				90E552EB22C10CA50057BFF3 /* LayoutLargePhotoCollectionViewCell.xib */,
				90E552EE22C10CC10057BFF3 /* LayoutSmallPhotoCollectionViewCell.swift */,
				90E552EF22C10CC10057BFF3 /* LayoutSmallPhotoCollectionViewCell.xib */,
				90E552F822C26A290057BFF3 /* LargeStyleCollectionViewCell.swift */,
				90E552FC22C2798F0057BFF3 /* DetailPageTableViewCell.swift */,
			);
			path = View;
			sourceTree = "<group>";
		};
		90E552D822BFA69F0057BFF3 /* Controller */ = {
			isa = PBXGroup;
			children = (
				90B6DA1B22BE73ED0000F27A /* HomePageViewController.swift */,
				90E552F222C111B40057BFF3 /* PersonalPageTableViewController.swift */,
				90E552F422C246BC0057BFF3 /* StoryViewController.swift */,
				90E552F622C253660057BFF3 /* LayoutPageViewController.swift */,
				90E552FA22C277630057BFF3 /* DetailPageViewController.swift */,
			);
			path = Controller;
			sourceTree = "<group>";
		};
/* End PBXGroup section */

/* Begin PBXNativeTarget section */
		90B6DA1522BE73ED0000F27A /* GoodIdeasStudio-InstagramClone */ = {
			isa = PBXNativeTarget;
			buildConfigurationList = 90B6DA2822BE73F00000F27A /* Build configuration list for PBXNativeTarget "GoodIdeasStudio-InstagramClone" */;
			buildPhases = (
				90B6DA1222BE73ED0000F27A /* Sources */,
				90B6DA1322BE73ED0000F27A /* Frameworks */,
				90B6DA1422BE73ED0000F27A /* Resources */,
			);
			buildRules = (
			);
			dependencies = (
			);
			name = "GoodIdeasStudio-InstagramClone";
			productName = "GoodIdeasStudio-InstagramClone";
			productReference = 90B6DA1622BE73ED0000F27A /* GoodIdeasStudio-InstagramClone.app */;
			productType = "com.apple.product-type.application";
		};
/* End PBXNativeTarget section */

/* Begin PBXProject section */
		90B6DA0E22BE73ED0000F27A /* Project object */ = {
			isa = PBXProject;
			attributes = {
				LastSwiftUpdateCheck = 1020;
				LastUpgradeCheck = 1020;
				ORGANIZATIONNAME = Jerry;
				TargetAttributes = {
					90B6DA1522BE73ED0000F27A = {
						CreatedOnToolsVersion = 10.2;
					};
				};
			};
			buildConfigurationList = 90B6DA1122BE73ED0000F27A /* Build configuration list for PBXProject "GoodIdeasStudio-InstagramClone" */;
			compatibilityVersion = "Xcode 9.3";
			developmentRegion = en;
			hasScannedForEncodings = 0;
			knownRegions = (
				en,
				Base,
			);
			mainGroup = 90B6DA0D22BE73ED0000F27A;
			productRefGroup = 90B6DA1722BE73ED0000F27A /* Products */;
			projectDirPath = "";
			projectRoot = "";
			targets = (
				90B6DA1522BE73ED0000F27A /* GoodIdeasStudio-InstagramClone */,
			);
		};
/* End PBXProject section */

/* Begin PBXResourcesBuildPhase section */
		90B6DA1422BE73ED0000F27A /* Resources */ = {
			isa = PBXResourcesBuildPhase;
			buildActionMask = 2147483647;
			files = (
				90B6DA2422BE73F00000F27A /* LaunchScreen.storyboard in Resources */,
				90E552F122C10CC10057BFF3 /* LayoutSmallPhotoCollectionViewCell.xib in Resources */,
				90E552E922C0CD410057BFF3 /* TimelineCollectionViewCell.xib in Resources */,
				90B6DA2122BE73F00000F27A /* Assets.xcassets in Resources */,
				90E552ED22C10CA50057BFF3 /* LayoutLargePhotoCollectionViewCell.xib in Resources */,
				90B6DA1F22BE73ED0000F27A /* Main.storyboard in Resources */,
			);
			runOnlyForDeploymentPostprocessing = 0;
		};
/* End PBXResourcesBuildPhase section */

/* Begin PBXSourcesBuildPhase section */
		90B6DA1222BE73ED0000F27A /* Sources */ = {
			isa = PBXSourcesBuildPhase;
			buildActionMask = 2147483647;
			files = (
				90E552FB22C277630057BFF3 /* DetailPageViewController.swift in Sources */,
				90E552F322C111B40057BFF3 /* PersonalPageTableViewController.swift in Sources */,
				90E552DA22BFBB160057BFF3 /* TimelineTableViewCell.swift in Sources */,
				90E552F922C26A290057BFF3 /* LargeStyleCollectionViewCell.swift in Sources */,
				90B6DA1C22BE73ED0000F27A /* HomePageViewController.swift in Sources */,
				90E552F522C246BC0057BFF3 /* StoryViewController.swift in Sources */,
				90E552D522BFA6830057BFF3 /* InstagramData.swift in Sources */,
				90E552F722C253660057BFF3 /* LayoutPageViewController.swift in Sources */,
				90E552F022C10CC10057BFF3 /* LayoutSmallPhotoCollectionViewCell.swift in Sources */,
				90E552EC22C10CA50057BFF3 /* LayoutLargePhotoCollectionViewCell.swift in Sources */,
				90E552E822C0CD410057BFF3 /* TimelineCollectionViewCell.swift in Sources */,
				90B6DA1A22BE73ED0000F27A /* AppDelegate.swift in Sources */,
				90E552FD22C2798F0057BFF3 /* DetailPageTableViewCell.swift in Sources */,
			);
			runOnlyForDeploymentPostprocessing = 0;
		};
/* End PBXSourcesBuildPhase section */

/* Begin PBXVariantGroup section */
		90B6DA1D22BE73ED0000F27A /* Main.storyboard */ = {
			isa = PBXVariantGroup;
			children = (
				90B6DA1E22BE73ED0000F27A /* Base */,
			);
			name = Main.storyboard;
			sourceTree = "<group>";
		};
		90B6DA2222BE73F00000F27A /* LaunchScreen.storyboard */ = {
			isa = PBXVariantGroup;
			children = (
				90B6DA2322BE73F00000F27A /* Base */,
			);
			name = LaunchScreen.storyboard;
			sourceTree = "<group>";
		};
/* End PBXVariantGroup section */

/* Begin XCBuildConfiguration section */
		90B6DA2622BE73F00000F27A /* Debug */ = {
			isa = XCBuildConfiguration;
			buildSettings = {
				ALWAYS_SEARCH_USER_PATHS = NO;
				CLANG_ANALYZER_NONNULL = YES;
				CLANG_ANALYZER_NUMBER_OBJECT_CONVERSION = YES_AGGRESSIVE;
				CLANG_CXX_LANGUAGE_STANDARD = "gnu++14";
				CLANG_CXX_LIBRARY = "libc++";
				CLANG_ENABLE_MODULES = YES;
				CLANG_ENABLE_OBJC_ARC = YES;
				CLANG_ENABLE_OBJC_WEAK = YES;
				CLANG_WARN_BLOCK_CAPTURE_AUTORELEASING = YES;
				CLANG_WARN_BOOL_CONVERSION = YES;
				CLANG_WARN_COMMA = YES;
				CLANG_WARN_CONSTANT_CONVERSION = YES;
				CLANG_WARN_DEPRECATED_OBJC_IMPLEMENTATIONS = YES;
				CLANG_WARN_DIRECT_OBJC_ISA_USAGE = YES_ERROR;
				CLANG_WARN_DOCUMENTATION_COMMENTS = YES;
				CLANG_WARN_EMPTY_BODY = YES;
				CLANG_WARN_ENUM_CONVERSION = YES;
				CLANG_WARN_INFINITE_RECURSION = YES;
				CLANG_WARN_INT_CONVERSION = YES;
				CLANG_WARN_NON_LITERAL_NULL_CONVERSION = YES;
				CLANG_WARN_OBJC_IMPLICIT_RETAIN_SELF = YES;
				CLANG_WARN_OBJC_LITERAL_CONVERSION = YES;
				CLANG_WARN_OBJC_ROOT_CLASS = YES_ERROR;
				CLANG_WARN_RANGE_LOOP_ANALYSIS = YES;
				CLANG_WARN_STRICT_PROTOTYPES = YES;
				CLANG_WARN_SUSPICIOUS_MOVE = YES;
				CLANG_WARN_UNGUARDED_AVAILABILITY = YES_AGGRESSIVE;
				CLANG_WARN_UNREACHABLE_CODE = YES;
				CLANG_WARN__DUPLICATE_METHOD_MATCH = YES;
				CODE_SIGN_IDENTITY = "iPhone Developer";
				COPY_PHASE_STRIP = NO;
				DEBUG_INFORMATION_FORMAT = dwarf;
				ENABLE_STRICT_OBJC_MSGSEND = YES;
				ENABLE_TESTABILITY = YES;
				GCC_C_LANGUAGE_STANDARD = gnu11;
				GCC_DYNAMIC_NO_PIC = NO;
				GCC_NO_COMMON_BLOCKS = YES;
				GCC_OPTIMIZATION_LEVEL = 0;
				GCC_PREPROCESSOR_DEFINITIONS = (
					"DEBUG=1",
					"$(inherited)",
				);
				GCC_WARN_64_TO_32_BIT_CONVERSION = YES;
				GCC_WARN_ABOUT_RETURN_TYPE = YES_ERROR;
				GCC_WARN_UNDECLARED_SELECTOR = YES;
				GCC_WARN_UNINITIALIZED_AUTOS = YES_AGGRESSIVE;
				GCC_WARN_UNUSED_FUNCTION = YES;
				GCC_WARN_UNUSED_VARIABLE = YES;
				IPHONEOS_DEPLOYMENT_TARGET = 12.2;
				MTL_ENABLE_DEBUG_INFO = INCLUDE_SOURCE;
				MTL_FAST_MATH = YES;
				ONLY_ACTIVE_ARCH = YES;
				SDKROOT = iphoneos;
				SWIFT_ACTIVE_COMPILATION_CONDITIONS = DEBUG;
				SWIFT_OPTIMIZATION_LEVEL = "-Onone";
			};
			name = Debug;
		};
		90B6DA2722BE73F00000F27A /* Release */ = {
			isa = XCBuildConfiguration;
			buildSettings = {
				ALWAYS_SEARCH_USER_PATHS = NO;
				CLANG_ANALYZER_NONNULL = YES;
				CLANG_ANALYZER_NUMBER_OBJECT_CONVERSION = YES_AGGRESSIVE;
				CLANG_CXX_LANGUAGE_STANDARD = "gnu++14";
				CLANG_CXX_LIBRARY = "libc++";
				CLANG_ENABLE_MODULES = YES;
				CLANG_ENABLE_OBJC_ARC = YES;
				CLANG_ENABLE_OBJC_WEAK = YES;
				CLANG_WARN_BLOCK_CAPTURE_AUTORELEASING = YES;
				CLANG_WARN_BOOL_CONVERSION = YES;
				CLANG_WARN_COMMA = YES;
				CLANG_WARN_CONSTANT_CONVERSION = YES;
				CLANG_WARN_DEPRECATED_OBJC_IMPLEMENTATIONS = YES;
				CLANG_WARN_DIRECT_OBJC_ISA_USAGE = YES_ERROR;
				CLANG_WARN_DOCUMENTATION_COMMENTS = YES;
				CLANG_WARN_EMPTY_BODY = YES;
				CLANG_WARN_ENUM_CONVERSION = YES;
				CLANG_WARN_INFINITE_RECURSION = YES;
				CLANG_WARN_INT_CONVERSION = YES;
				CLANG_WARN_NON_LITERAL_NULL_CONVERSION = YES;
				CLANG_WARN_OBJC_IMPLICIT_RETAIN_SELF = YES;
				CLANG_WARN_OBJC_LITERAL_CONVERSION = YES;
				CLANG_WARN_OBJC_ROOT_CLASS = YES_ERROR;
				CLANG_WARN_RANGE_LOOP_ANALYSIS = YES;
				CLANG_WARN_STRICT_PROTOTYPES = YES;
				CLANG_WARN_SUSPICIOUS_MOVE = YES;
				CLANG_WARN_UNGUARDED_AVAILABILITY = YES_AGGRESSIVE;
				CLANG_WARN_UNREACHABLE_CODE = YES;
				CLANG_WARN__DUPLICATE_METHOD_MATCH = YES;
				CODE_SIGN_IDENTITY = "iPhone Developer";
				COPY_PHASE_STRIP = NO;
				DEBUG_INFORMATION_FORMAT = "dwarf-with-dsym";
				ENABLE_NS_ASSERTIONS = NO;
				ENABLE_STRICT_OBJC_MSGSEND = YES;
				GCC_C_LANGUAGE_STANDARD = gnu11;
				GCC_NO_COMMON_BLOCKS = YES;
				GCC_WARN_64_TO_32_BIT_CONVERSION = YES;
				GCC_WARN_ABOUT_RETURN_TYPE = YES_ERROR;
				GCC_WARN_UNDECLARED_SELECTOR = YES;
				GCC_WARN_UNINITIALIZED_AUTOS = YES_AGGRESSIVE;
				GCC_WARN_UNUSED_FUNCTION = YES;
				GCC_WARN_UNUSED_VARIABLE = YES;
				IPHONEOS_DEPLOYMENT_TARGET = 12.2;
				MTL_ENABLE_DEBUG_INFO = NO;
				MTL_FAST_MATH = YES;
				SDKROOT = iphoneos;
				SWIFT_COMPILATION_MODE = wholemodule;
				SWIFT_OPTIMIZATION_LEVEL = "-O";
				VALIDATE_PRODUCT = YES;
			};
			name = Release;
		};
		90B6DA2922BE73F00000F27A /* Debug */ = {
			isa = XCBuildConfiguration;
			buildSettings = {
				ASSETCATALOG_COMPILER_APPICON_NAME = AppIcon;
				CODE_SIGN_STYLE = Automatic;
				DEVELOPMENT_TEAM = WH7U552YZ7;
				INFOPLIST_FILE = "GoodIdeasStudio-InstagramClone/Info.plist";
				LD_RUNPATH_SEARCH_PATHS = (
					"$(inherited)",
					"@executable_path/Frameworks",
				);
				PRODUCT_BUNDLE_IDENTIFIER = "com.Jerry.GoodIdeasStudio-InstagramClone";
				PRODUCT_NAME = "$(TARGET_NAME)";
				SWIFT_VERSION = 5.0;
				TARGETED_DEVICE_FAMILY = "1,2";
			};
			name = Debug;
		};
		90B6DA2A22BE73F00000F27A /* Release */ = {
			isa = XCBuildConfiguration;
			buildSettings = {
				ASSETCATALOG_COMPILER_APPICON_NAME = AppIcon;
				CODE_SIGN_STYLE = Automatic;
				DEVELOPMENT_TEAM = WH7U552YZ7;
				INFOPLIST_FILE = "GoodIdeasStudio-InstagramClone/Info.plist";
				LD_RUNPATH_SEARCH_PATHS = (
					"$(inherited)",
					"@executable_path/Frameworks",
				);
				PRODUCT_BUNDLE_IDENTIFIER = "com.Jerry.GoodIdeasStudio-InstagramClone";
				PRODUCT_NAME = "$(TARGET_NAME)";
				SWIFT_VERSION = 5.0;
				TARGETED_DEVICE_FAMILY = "1,2";
			};
			name = Release;
		};
/* End XCBuildConfiguration section */

/* Begin XCConfigurationList section */
		90B6DA1122BE73ED0000F27A /* Build configuration list for PBXProject "GoodIdeasStudio-InstagramClone" */ = {
			isa = XCConfigurationList;
			buildConfigurations = (
				90B6DA2622BE73F00000F27A /* Debug */,
				90B6DA2722BE73F00000F27A /* Release */,
			);
			defaultConfigurationIsVisible = 0;
			defaultConfigurationName = Release;
		};
		90B6DA2822BE73F00000F27A /* Build configuration list for PBXNativeTarget "GoodIdeasStudio-InstagramClone" */ = {
			isa = XCConfigurationList;
			buildConfigurations = (
				90B6DA2922BE73F00000F27A /* Debug */,
				90B6DA2A22BE73F00000F27A /* Release */,
			);
			defaultConfigurationIsVisible = 0;
			defaultConfigurationName = Release;
		};
/* End XCConfigurationList section */
	};
	rootObject = 90B6DA0E22BE73ED0000F27A /* Project object */;
}
