// !$*UTF8*$!
{
	archiveVersion = 1;
	classes = {
	};
	objectVersion = 50;
	objects = {

/* Begin PBXBuildFile section */
		90B6DA1A22BE73ED0000F27A /* AppDelegate.swift in Sources */ = {isa = PBXBuildFile; fileRef = 90B6DA1922BE73ED0000F27A /* AppDelegate.swift */; };
		90B6DA1F22BE73ED0000F27A /* Main.storyboard in Resources */ = {isa = PBXBuildFile; fileRef = 90B6DA1D22BE73ED0000F27A /* Main.storyboard */; };
		90B6DA2122BE73F00000F27A /* Assets.xcassets in Resources */ = {isa = PBXBuildFile; fileRef = 90B6DA2022BE73F00000F27A /* Assets.xcassets */; };
		90B6DA2422BE73F00000F27A /* LaunchScreen.storyboard in Resources */ = {isa = PBXBuildFile; fileRef = 90B6DA2222BE73F00000F27A /* LaunchScreen.storyboard */; };
		90E552D522BFA6830057BFF3 /* InstagramData.swift in Sources */ = {isa = PBXBuildFile; fileRef = 90E552D422BFA6830057BFF3 /* InstagramData.swift */; };
		ABF6BFB322F41792009D87DD /* Story.swift in Sources */ = {isa = PBXBuildFile; fileRef = ABF6BFB222F41792009D87DD /* Story.swift */; };
		ABF6BFB522F41ACA009D87DD /* UserModel.swift in Sources */ = {isa = PBXBuildFile; fileRef = ABF6BFB422F41ACA009D87DD /* UserModel.swift */; };
		ABF6BFB722F41AF3009D87DD /* DataModel.swift in Sources */ = {isa = PBXBuildFile; fileRef = ABF6BFB622F41AF3009D87DD /* DataModel.swift */; };
		ABF6BFB922F41B58009D87DD /* TimelineViewController.swift in Sources */ = {isa = PBXBuildFile; fileRef = ABF6BFB822F41B58009D87DD /* TimelineViewController.swift */; };
		ABF6BFBC22F41C8E009D87DD /* TimeLineTableViewCell.swift in Sources */ = {isa = PBXBuildFile; fileRef = ABF6BFBA22F41C8E009D87DD /* TimeLineTableViewCell.swift */; };
		ABF6BFBF22F4240E009D87DD /* ProfileCollectionViewController.swift in Sources */ = {isa = PBXBuildFile; fileRef = ABF6BFBE22F4240E009D87DD /* ProfileCollectionViewController.swift */; };
		ABF6BFC122F4245F009D87DD /* DetailTableViewController.swift in Sources */ = {isa = PBXBuildFile; fileRef = ABF6BFC022F4245F009D87DD /* DetailTableViewController.swift */; };
		ABF6BFC322F424A6009D87DD /* StoryCollectionViewCell.swift in Sources */ = {isa = PBXBuildFile; fileRef = ABF6BFC222F424A6009D87DD /* StoryCollectionViewCell.swift */; };
		ABF6BFC522F424F2009D87DD /* CollectionViewCell.swift in Sources */ = {isa = PBXBuildFile; fileRef = ABF6BFC422F424F2009D87DD /* CollectionViewCell.swift */; };
		ABF6BFC722F4253A009D87DD /* ButtonCell.swift in Sources */ = {isa = PBXBuildFile; fileRef = ABF6BFC622F4253A009D87DD /* ButtonCell.swift */; };
		ABF6BFCA22F42587009D87DD /* SimpleCell.swift in Sources */ = {isa = PBXBuildFile; fileRef = ABF6BFC822F42587009D87DD /* SimpleCell.swift */; };
		ABF6BFCB22F42587009D87DD /* SimpleCell.xib in Resources */ = {isa = PBXBuildFile; fileRef = ABF6BFC922F42587009D87DD /* SimpleCell.xib */; };
		ABF6BFCE22F425AC009D87DD /* DetailCell.swift in Sources */ = {isa = PBXBuildFile; fileRef = ABF6BFCC22F425AC009D87DD /* DetailCell.swift */; };
		ABF6BFCF22F425AC009D87DD /* DetailCell.xib in Resources */ = {isa = PBXBuildFile; fileRef = ABF6BFCD22F425AC009D87DD /* DetailCell.xib */; };
		ABF6BFD222F428FF009D87DD /* ProfileCell.swift in Sources */ = {isa = PBXBuildFile; fileRef = ABF6BFD022F428FF009D87DD /* ProfileCell.swift */; };
		ABF6BFD322F428FF009D87DD /* ProfileCell.xib in Resources */ = {isa = PBXBuildFile; fileRef = ABF6BFD122F428FF009D87DD /* ProfileCell.xib */; };
		ABF6BFD522F42BAB009D87DD /* StoryTableViewCell.swift in Sources */ = {isa = PBXBuildFile; fileRef = ABF6BFD422F42BAB009D87DD /* StoryTableViewCell.swift */; };
		ABF6BFD722F43642009D87DD /* timelinecell.xib in Resources */ = {isa = PBXBuildFile; fileRef = ABF6BFD622F43642009D87DD /* timelinecell.xib */; };
/* End PBXBuildFile section */

/* Begin PBXFileReference section */
		90B6DA1622BE73ED0000F27A /* GoodIdeasStudio-InstagramClone.app */ = {isa = PBXFileReference; explicitFileType = wrapper.application; includeInIndex = 0; path = "GoodIdeasStudio-InstagramClone.app"; sourceTree = BUILT_PRODUCTS_DIR; };
		90B6DA1922BE73ED0000F27A /* AppDelegate.swift */ = {isa = PBXFileReference; lastKnownFileType = sourcecode.swift; path = AppDelegate.swift; sourceTree = "<group>"; };
		90B6DA1E22BE73ED0000F27A /* Base */ = {isa = PBXFileReference; lastKnownFileType = file.storyboard; name = Base; path = Base.lproj/Main.storyboard; sourceTree = "<group>"; };
		90B6DA2022BE73F00000F27A /* Assets.xcassets */ = {isa = PBXFileReference; lastKnownFileType = folder.assetcatalog; path = Assets.xcassets; sourceTree = "<group>"; };
		90B6DA2322BE73F00000F27A /* Base */ = {isa = PBXFileReference; lastKnownFileType = file.storyboard; name = Base; path = Base.lproj/LaunchScreen.storyboard; sourceTree = "<group>"; };
		90B6DA2522BE73F00000F27A /* Info.plist */ = {isa = PBXFileReference; lastKnownFileType = text.plist.xml; path = Info.plist; sourceTree = "<group>"; };
		90E552D422BFA6830057BFF3 /* InstagramData.swift */ = {isa = PBXFileReference; lastKnownFileType = sourcecode.swift; path = InstagramData.swift; sourceTree = "<group>"; };
		ABF6BFB222F41792009D87DD /* Story.swift */ = {isa = PBXFileReference; lastKnownFileType = sourcecode.swift; path = Story.swift; sourceTree = "<group>"; };
		ABF6BFB422F41ACA009D87DD /* UserModel.swift */ = {isa = PBXFileReference; lastKnownFileType = sourcecode.swift; path = UserModel.swift; sourceTree = "<group>"; };
		ABF6BFB622F41AF3009D87DD /* DataModel.swift */ = {isa = PBXFileReference; lastKnownFileType = sourcecode.swift; path = DataModel.swift; sourceTree = "<group>"; };
		ABF6BFB822F41B58009D87DD /* TimelineViewController.swift */ = {isa = PBXFileReference; lastKnownFileType = sourcecode.swift; path = TimelineViewController.swift; sourceTree = "<group>"; };
		ABF6BFBA22F41C8E009D87DD /* TimeLineTableViewCell.swift */ = {isa = PBXFileReference; lastKnownFileType = sourcecode.swift; path = TimeLineTableViewCell.swift; sourceTree = "<group>"; };
		ABF6BFBE22F4240E009D87DD /* ProfileCollectionViewController.swift */ = {isa = PBXFileReference; lastKnownFileType = sourcecode.swift; path = ProfileCollectionViewController.swift; sourceTree = "<group>"; };
		ABF6BFC022F4245F009D87DD /* DetailTableViewController.swift */ = {isa = PBXFileReference; lastKnownFileType = sourcecode.swift; path = DetailTableViewController.swift; sourceTree = "<group>"; };
		ABF6BFC222F424A6009D87DD /* StoryCollectionViewCell.swift */ = {isa = PBXFileReference; lastKnownFileType = sourcecode.swift; path = StoryCollectionViewCell.swift; sourceTree = "<group>"; };
		ABF6BFC422F424F2009D87DD /* CollectionViewCell.swift */ = {isa = PBXFileReference; lastKnownFileType = sourcecode.swift; path = CollectionViewCell.swift; sourceTree = "<group>"; };
		ABF6BFC622F4253A009D87DD /* ButtonCell.swift */ = {isa = PBXFileReference; lastKnownFileType = sourcecode.swift; path = ButtonCell.swift; sourceTree = "<group>"; };
		ABF6BFC822F42587009D87DD /* SimpleCell.swift */ = {isa = PBXFileReference; lastKnownFileType = sourcecode.swift; path = SimpleCell.swift; sourceTree = "<group>"; };
		ABF6BFC922F42587009D87DD /* SimpleCell.xib */ = {isa = PBXFileReference; lastKnownFileType = file.xib; path = SimpleCell.xib; sourceTree = "<group>"; };
		ABF6BFCC22F425AC009D87DD /* DetailCell.swift */ = {isa = PBXFileReference; lastKnownFileType = sourcecode.swift; path = DetailCell.swift; sourceTree = "<group>"; };
		ABF6BFCD22F425AC009D87DD /* DetailCell.xib */ = {isa = PBXFileReference; lastKnownFileType = file.xib; path = DetailCell.xib; sourceTree = "<group>"; };
		ABF6BFD022F428FF009D87DD /* ProfileCell.swift */ = {isa = PBXFileReference; lastKnownFileType = sourcecode.swift; path = ProfileCell.swift; sourceTree = "<group>"; };
		ABF6BFD122F428FF009D87DD /* ProfileCell.xib */ = {isa = PBXFileReference; lastKnownFileType = file.xib; path = ProfileCell.xib; sourceTree = "<group>"; };
		ABF6BFD422F42BAB009D87DD /* StoryTableViewCell.swift */ = {isa = PBXFileReference; lastKnownFileType = sourcecode.swift; path = StoryTableViewCell.swift; sourceTree = "<group>"; };
		ABF6BFD622F43642009D87DD /* timelinecell.xib */ = {isa = PBXFileReference; fileEncoding = 4; lastKnownFileType = file.xib; path = timelinecell.xib; sourceTree = "<group>"; };
/* End PBXFileReference section */

/* Begin PBXFrameworksBuildPhase section */
		90B6DA1322BE73ED0000F27A /* Frameworks */ = {
			isa = PBXFrameworksBuildPhase;
			buildActionMask = 2147483647;
			files = (
			);
			runOnlyForDeploymentPostprocessing = 0;
		};
/* End PBXFrameworksBuildPhase section */

/* Begin PBXGroup section */
		90B6DA0D22BE73ED0000F27A = {
			isa = PBXGroup;
			children = (
				90B6DA1822BE73ED0000F27A /* GoodIdeasStudio-InstagramClone */,
				90B6DA1722BE73ED0000F27A /* Products */,
			);
			sourceTree = "<group>";
		};
		90B6DA1722BE73ED0000F27A /* Products */ = {
			isa = PBXGroup;
			children = (
				90B6DA1622BE73ED0000F27A /* GoodIdeasStudio-InstagramClone.app */,
			);
			name = Products;
			sourceTree = "<group>";
		};
		90B6DA1822BE73ED0000F27A /* GoodIdeasStudio-InstagramClone */ = {
			isa = PBXGroup;
			children = (
				90B6DA1922BE73ED0000F27A /* AppDelegate.swift */,
				90B6DA1D22BE73ED0000F27A /* Main.storyboard */,
				90B6DA2022BE73F00000F27A /* Assets.xcassets */,
				90B6DA2222BE73F00000F27A /* LaunchScreen.storyboard */,
				90B6DA2522BE73F00000F27A /* Info.plist */,
				90E552D822BFA69F0057BFF3 /* Controller */,
				90E552D722BFA6990057BFF3 /* View */,
				90E552D622BFA6890057BFF3 /* Model */,
			);
			path = "GoodIdeasStudio-InstagramClone";
			sourceTree = "<group>";
		};
		90E552D622BFA6890057BFF3 /* Model */ = {
			isa = PBXGroup;
			children = (
				90E552D422BFA6830057BFF3 /* InstagramData.swift */,
				ABF6BFB222F41792009D87DD /* Story.swift */,
				ABF6BFB422F41ACA009D87DD /* UserModel.swift */,
				ABF6BFB622F41AF3009D87DD /* DataModel.swift */,
			);
			path = Model;
			sourceTree = "<group>";
		};
		90E552D722BFA6990057BFF3 /* View */ = {
			isa = PBXGroup;
			children = (
				ABF6BFBA22F41C8E009D87DD /* TimeLineTableViewCell.swift */,
				ABF6BFD622F43642009D87DD /* timelinecell.xib */,
				ABF6BFD422F42BAB009D87DD /* StoryTableViewCell.swift */,
				ABF6BFC222F424A6009D87DD /* StoryCollectionViewCell.swift */,
				ABF6BFC422F424F2009D87DD /* CollectionViewCell.swift */,
				ABF6BFC622F4253A009D87DD /* ButtonCell.swift */,
				ABF6BFC822F42587009D87DD /* SimpleCell.swift */,
				ABF6BFC922F42587009D87DD /* SimpleCell.xib */,
				ABF6BFCC22F425AC009D87DD /* DetailCell.swift */,
				ABF6BFCD22F425AC009D87DD /* DetailCell.xib */,
				ABF6BFD022F428FF009D87DD /* ProfileCell.swift */,
				ABF6BFD122F428FF009D87DD /* ProfileCell.xib */,
			);
			path = View;
			sourceTree = "<group>";
		};
		90E552D822BFA69F0057BFF3 /* Controller */ = {
			isa = PBXGroup;
			children = (
				ABF6BFB822F41B58009D87DD /* TimelineViewController.swift */,
				ABF6BFBE22F4240E009D87DD /* ProfileCollectionViewController.swift */,
				ABF6BFC022F4245F009D87DD /* DetailTableViewController.swift */,
			);
			path = Controller;
			sourceTree = "<group>";
		};
/* End PBXGroup section */

/* Begin PBXNativeTarget section */
		90B6DA1522BE73ED0000F27A /* GoodIdeasStudio-InstagramClone */ = {
			isa = PBXNativeTarget;
			buildConfigurationList = 90B6DA2822BE73F00000F27A /* Build configuration list for PBXNativeTarget "GoodIdeasStudio-InstagramClone" */;
			buildPhases = (
				90B6DA1222BE73ED0000F27A /* Sources */,
				90B6DA1322BE73ED0000F27A /* Frameworks */,
				90B6DA1422BE73ED0000F27A /* Resources */,
			);
			buildRules = (
			);
			dependencies = (
			);
			name = "GoodIdeasStudio-InstagramClone";
			productName = "GoodIdeasStudio-InstagramClone";
			productReference = 90B6DA1622BE73ED0000F27A /* GoodIdeasStudio-InstagramClone.app */;
			productType = "com.apple.product-type.application";
		};
/* End PBXNativeTarget section */

/* Begin PBXProject section */
		90B6DA0E22BE73ED0000F27A /* Project object */ = {
			isa = PBXProject;
			attributes = {
				LastSwiftUpdateCheck = 1020;
				LastUpgradeCheck = 1020;
				ORGANIZATIONNAME = Jerry;
				TargetAttributes = {
					90B6DA1522BE73ED0000F27A = {
						CreatedOnToolsVersion = 10.2;
					};
				};
			};
			buildConfigurationList = 90B6DA1122BE73ED0000F27A /* Build configuration list for PBXProject "GoodIdeasStudio-InstagramClone" */;
			compatibilityVersion = "Xcode 9.3";
			developmentRegion = en;
			hasScannedForEncodings = 0;
			knownRegions = (
				en,
				Base,
			);
			mainGroup = 90B6DA0D22BE73ED0000F27A;
			productRefGroup = 90B6DA1722BE73ED0000F27A /* Products */;
			projectDirPath = "";
			projectRoot = "";
			targets = (
				90B6DA1522BE73ED0000F27A /* GoodIdeasStudio-InstagramClone */,
			);
		};
/* End PBXProject section */

/* Begin PBXResourcesBuildPhase section */
		90B6DA1422BE73ED0000F27A /* Resources */ = {
			isa = PBXResourcesBuildPhase;
			buildActionMask = 2147483647;
			files = (
				ABF6BFD722F43642009D87DD /* timelinecell.xib in Resources */,
				90B6DA2422BE73F00000F27A /* LaunchScreen.storyboard in Resources */,
				ABF6BFCF22F425AC009D87DD /* DetailCell.xib in Resources */,
				ABF6BFD322F428FF009D87DD /* ProfileCell.xib in Resources */,
				ABF6BFCB22F42587009D87DD /* SimpleCell.xib in Resources */,
				90B6DA2122BE73F00000F27A /* Assets.xcassets in Resources */,
				90B6DA1F22BE73ED0000F27A /* Main.storyboard in Resources */,
			);
			runOnlyForDeploymentPostprocessing = 0;
		};
/* End PBXResourcesBuildPhase section */

/* Begin PBXSourcesBuildPhase section */
		90B6DA1222BE73ED0000F27A /* Sources */ = {
			isa = PBXSourcesBuildPhase;
			buildActionMask = 2147483647;
			files = (
				ABF6BFC322F424A6009D87DD /* StoryCollectionViewCell.swift in Sources */,
				ABF6BFB722F41AF3009D87DD /* DataModel.swift in Sources */,
				90E552D522BFA6830057BFF3 /* InstagramData.swift in Sources */,
				ABF6BFB322F41792009D87DD /* Story.swift in Sources */,
				ABF6BFC722F4253A009D87DD /* ButtonCell.swift in Sources */,
				ABF6BFC122F4245F009D87DD /* DetailTableViewController.swift in Sources */,
				ABF6BFB922F41B58009D87DD /* TimelineViewController.swift in Sources */,
				ABF6BFD522F42BAB009D87DD /* StoryTableViewCell.swift in Sources */,
				ABF6BFBC22F41C8E009D87DD /* TimeLineTableViewCell.swift in Sources */,
				ABF6BFCA22F42587009D87DD /* SimpleCell.swift in Sources */,
				ABF6BFD222F428FF009D87DD /* ProfileCell.swift in Sources */,
				ABF6BFBF22F4240E009D87DD /* ProfileCollectionViewController.swift in Sources */,
				90B6DA1A22BE73ED0000F27A /* AppDelegate.swift in Sources */,
				ABF6BFB522F41ACA009D87DD /* UserModel.swift in Sources */,
				ABF6BFCE22F425AC009D87DD /* DetailCell.swift in Sources */,
				ABF6BFC522F424F2009D87DD /* CollectionViewCell.swift in Sources */,
			);
			runOnlyForDeploymentPostprocessing = 0;
		};
/* End PBXSourcesBuildPhase section */

/* Begin PBXVariantGroup section */
		90B6DA1D22BE73ED0000F27A /* Main.storyboard */ = {
			isa = PBXVariantGroup;
			children = (
				90B6DA1E22BE73ED0000F27A /* Base */,
			);
			name = Main.storyboard;
			sourceTree = "<group>";
		};
		90B6DA2222BE73F00000F27A /* LaunchScreen.storyboard */ = {
			isa = PBXVariantGroup;
			children = (
				90B6DA2322BE73F00000F27A /* Base */,
			);
			name = LaunchScreen.storyboard;
			sourceTree = "<group>";
		};
/* End PBXVariantGroup section */

/* Begin XCBuildConfiguration section */
		90B6DA2622BE73F00000F27A /* Debug */ = {
			isa = XCBuildConfiguration;
			buildSettings = {
				ALWAYS_SEARCH_USER_PATHS = NO;
				CLANG_ANALYZER_NONNULL = YES;
				CLANG_ANALYZER_NUMBER_OBJECT_CONVERSION = YES_AGGRESSIVE;
				CLANG_CXX_LANGUAGE_STANDARD = "gnu++14";
				CLANG_CXX_LIBRARY = "libc++";
				CLANG_ENABLE_MODULES = YES;
				CLANG_ENABLE_OBJC_ARC = YES;
				CLANG_ENABLE_OBJC_WEAK = YES;
				CLANG_WARN_BLOCK_CAPTURE_AUTORELEASING = YES;
				CLANG_WARN_BOOL_CONVERSION = YES;
				CLANG_WARN_COMMA = YES;
				CLANG_WARN_CONSTANT_CONVERSION = YES;
				CLANG_WARN_DEPRECATED_OBJC_IMPLEMENTATIONS = YES;
				CLANG_WARN_DIRECT_OBJC_ISA_USAGE = YES_ERROR;
				CLANG_WARN_DOCUMENTATION_COMMENTS = YES;
				CLANG_WARN_EMPTY_BODY = YES;
				CLANG_WARN_ENUM_CONVERSION = YES;
				CLANG_WARN_INFINITE_RECURSION = YES;
				CLANG_WARN_INT_CONVERSION = YES;
				CLANG_WARN_NON_LITERAL_NULL_CONVERSION = YES;
				CLANG_WARN_OBJC_IMPLICIT_RETAIN_SELF = YES;
				CLANG_WARN_OBJC_LITERAL_CONVERSION = YES;
				CLANG_WARN_OBJC_ROOT_CLASS = YES_ERROR;
				CLANG_WARN_RANGE_LOOP_ANALYSIS = YES;
				CLANG_WARN_STRICT_PROTOTYPES = YES;
				CLANG_WARN_SUSPICIOUS_MOVE = YES;
				CLANG_WARN_UNGUARDED_AVAILABILITY = YES_AGGRESSIVE;
				CLANG_WARN_UNREACHABLE_CODE = YES;
				CLANG_WARN__DUPLICATE_METHOD_MATCH = YES;
				CODE_SIGN_IDENTITY = "iPhone Developer";
				COPY_PHASE_STRIP = NO;
				DEBUG_INFORMATION_FORMAT = dwarf;
				ENABLE_STRICT_OBJC_MSGSEND = YES;
				ENABLE_TESTABILITY = YES;
				GCC_C_LANGUAGE_STANDARD = gnu11;
				GCC_DYNAMIC_NO_PIC = NO;
				GCC_NO_COMMON_BLOCKS = YES;
				GCC_OPTIMIZATION_LEVEL = 0;
				GCC_PREPROCESSOR_DEFINITIONS = (
					"DEBUG=1",
					"$(inherited)",
				);
				GCC_WARN_64_TO_32_BIT_CONVERSION = YES;
				GCC_WARN_ABOUT_RETURN_TYPE = YES_ERROR;
				GCC_WARN_UNDECLARED_SELECTOR = YES;
				GCC_WARN_UNINITIALIZED_AUTOS = YES_AGGRESSIVE;
				GCC_WARN_UNUSED_FUNCTION = YES;
				GCC_WARN_UNUSED_VARIABLE = YES;
				IPHONEOS_DEPLOYMENT_TARGET = 12.2;
				MTL_ENABLE_DEBUG_INFO = INCLUDE_SOURCE;
				MTL_FAST_MATH = YES;
				ONLY_ACTIVE_ARCH = YES;
				SDKROOT = iphoneos;
				SWIFT_ACTIVE_COMPILATION_CONDITIONS = DEBUG;
				SWIFT_OPTIMIZATION_LEVEL = "-Onone";
			};
			name = Debug;
		};
		90B6DA2722BE73F00000F27A /* Release */ = {
			isa = XCBuildConfiguration;
			buildSettings = {
				ALWAYS_SEARCH_USER_PATHS = NO;
				CLANG_ANALYZER_NONNULL = YES;
				CLANG_ANALYZER_NUMBER_OBJECT_CONVERSION = YES_AGGRESSIVE;
				CLANG_CXX_LANGUAGE_STANDARD = "gnu++14";
				CLANG_CXX_LIBRARY = "libc++";
				CLANG_ENABLE_MODULES = YES;
				CLANG_ENABLE_OBJC_ARC = YES;
				CLANG_ENABLE_OBJC_WEAK = YES;
				CLANG_WARN_BLOCK_CAPTURE_AUTORELEASING = YES;
				CLANG_WARN_BOOL_CONVERSION = YES;
				CLANG_WARN_COMMA = YES;
				CLANG_WARN_CONSTANT_CONVERSION = YES;
				CLANG_WARN_DEPRECATED_OBJC_IMPLEMENTATIONS = YES;
				CLANG_WARN_DIRECT_OBJC_ISA_USAGE = YES_ERROR;
				CLANG_WARN_DOCUMENTATION_COMMENTS = YES;
				CLANG_WARN_EMPTY_BODY = YES;
				CLANG_WARN_ENUM_CONVERSION = YES;
				CLANG_WARN_INFINITE_RECURSION = YES;
				CLANG_WARN_INT_CONVERSION = YES;
				CLANG_WARN_NON_LITERAL_NULL_CONVERSION = YES;
				CLANG_WARN_OBJC_IMPLICIT_RETAIN_SELF = YES;
				CLANG_WARN_OBJC_LITERAL_CONVERSION = YES;
				CLANG_WARN_OBJC_ROOT_CLASS = YES_ERROR;
				CLANG_WARN_RANGE_LOOP_ANALYSIS = YES;
				CLANG_WARN_STRICT_PROTOTYPES = YES;
				CLANG_WARN_SUSPICIOUS_MOVE = YES;
				CLANG_WARN_UNGUARDED_AVAILABILITY = YES_AGGRESSIVE;
				CLANG_WARN_UNREACHABLE_CODE = YES;
				CLANG_WARN__DUPLICATE_METHOD_MATCH = YES;
				CODE_SIGN_IDENTITY = "iPhone Developer";
				COPY_PHASE_STRIP = NO;
				DEBUG_INFORMATION_FORMAT = "dwarf-with-dsym";
				ENABLE_NS_ASSERTIONS = NO;
				ENABLE_STRICT_OBJC_MSGSEND = YES;
				GCC_C_LANGUAGE_STANDARD = gnu11;
				GCC_NO_COMMON_BLOCKS = YES;
				GCC_WARN_64_TO_32_BIT_CONVERSION = YES;
				GCC_WARN_ABOUT_RETURN_TYPE = YES_ERROR;
				GCC_WARN_UNDECLARED_SELECTOR = YES;
				GCC_WARN_UNINITIALIZED_AUTOS = YES_AGGRESSIVE;
				GCC_WARN_UNUSED_FUNCTION = YES;
				GCC_WARN_UNUSED_VARIABLE = YES;
				IPHONEOS_DEPLOYMENT_TARGET = 12.2;
				MTL_ENABLE_DEBUG_INFO = NO;
				MTL_FAST_MATH = YES;
				SDKROOT = iphoneos;
				SWIFT_COMPILATION_MODE = wholemodule;
				SWIFT_OPTIMIZATION_LEVEL = "-O";
				VALIDATE_PRODUCT = YES;
			};
			name = Release;
		};
		90B6DA2922BE73F00000F27A /* Debug */ = {
			isa = XCBuildConfiguration;
			buildSettings = {
				ASSETCATALOG_COMPILER_APPICON_NAME = AppIcon;
				CODE_SIGN_STYLE = Automatic;
				DEVELOPMENT_TEAM = WH7U552YZ7;
				INFOPLIST_FILE = "GoodIdeasStudio-InstagramClone/Info.plist";
				LD_RUNPATH_SEARCH_PATHS = (
					"$(inherited)",
					"@executable_path/Frameworks",
				);
				PRODUCT_BUNDLE_IDENTIFIER = "com.Jerry.GoodIdeasStudio-InstagramClone";
				PRODUCT_NAME = "$(TARGET_NAME)";
				SWIFT_VERSION = 5.0;
				TARGETED_DEVICE_FAMILY = "1,2";
			};
			name = Debug;
		};
		90B6DA2A22BE73F00000F27A /* Release */ = {
			isa = XCBuildConfiguration;
			buildSettings = {
				ASSETCATALOG_COMPILER_APPICON_NAME = AppIcon;
				CODE_SIGN_STYLE = Automatic;
				DEVELOPMENT_TEAM = WH7U552YZ7;
				INFOPLIST_FILE = "GoodIdeasStudio-InstagramClone/Info.plist";
				LD_RUNPATH_SEARCH_PATHS = (
					"$(inherited)",
					"@executable_path/Frameworks",
				);
				PRODUCT_BUNDLE_IDENTIFIER = "com.Jerry.GoodIdeasStudio-InstagramClone";
				PRODUCT_NAME = "$(TARGET_NAME)";
				SWIFT_VERSION = 5.0;
				TARGETED_DEVICE_FAMILY = "1,2";
			};
			name = Release;
		};
/* End XCBuildConfiguration section */

/* Begin XCConfigurationList section */
		90B6DA1122BE73ED0000F27A /* Build configuration list for PBXProject "GoodIdeasStudio-InstagramClone" */ = {
			isa = XCConfigurationList;
			buildConfigurations = (
				90B6DA2622BE73F00000F27A /* Debug */,
				90B6DA2722BE73F00000F27A /* Release */,
			);
			defaultConfigurationIsVisible = 0;
			defaultConfigurationName = Release;
		};
		90B6DA2822BE73F00000F27A /* Build configuration list for PBXNativeTarget "GoodIdeasStudio-InstagramClone" */ = {
			isa = XCConfigurationList;
			buildConfigurations = (
				90B6DA2922BE73F00000F27A /* Debug */,
				90B6DA2A22BE73F00000F27A /* Release */,
			);
			defaultConfigurationIsVisible = 0;
			defaultConfigurationName = Release;
		};
/* End XCConfigurationList section */
	};
	rootObject = 90B6DA0E22BE73ED0000F27A /* Project object */;
}
